// !$*UTF8*$!
{
	archiveVersion = 1;
	classes = {
	};
	objectVersion = 46;
	objects = {

/* Begin PBXBuildFile section */
		4C2B1A441EB73FD100F63E7D /* HBAppColors.swift in Sources */ = {isa = PBXBuildFile; fileRef = 4C2B1A421EB73FD100F63E7D /* HBAppColors.swift */; };
		4C45878C1EB4C23500169AC1 /* AppDelegate.swift in Sources */ = {isa = PBXBuildFile; fileRef = 4C45878B1EB4C23500169AC1 /* AppDelegate.swift */; };
		4C4587911EB4C23500169AC1 /* Main.storyboard in Resources */ = {isa = PBXBuildFile; fileRef = 4C45878F1EB4C23500169AC1 /* Main.storyboard */; };
		4C4587931EB4C23500169AC1 /* Assets.xcassets in Resources */ = {isa = PBXBuildFile; fileRef = 4C4587921EB4C23500169AC1 /* Assets.xcassets */; };
		4C4587961EB4C23500169AC1 /* LaunchScreen.storyboard in Resources */ = {isa = PBXBuildFile; fileRef = 4C4587941EB4C23500169AC1 /* LaunchScreen.storyboard */; };
		4C832AF21EB751BB0092A853 /* JaldiValidator.swift in Sources */ = {isa = PBXBuildFile; fileRef = 4C832AF11EB751BB0092A853 /* JaldiValidator.swift */; };
		4C832AFC1EB752240092A853 /* HBOnboardingViewControllerViewController.swift in Sources */ = {isa = PBXBuildFile; fileRef = 4C832AF71EB752240092A853 /* HBOnboardingViewControllerViewController.swift */; };
		4C832AFD1EB752240092A853 /* JaldiOnboardingDefines.swift in Sources */ = {isa = PBXBuildFile; fileRef = 4C832AF91EB752240092A853 /* JaldiOnboardingDefines.swift */; };
		4C832AFE1EB752240092A853 /* JaldiOnboardingInputView.swift in Sources */ = {isa = PBXBuildFile; fileRef = 4C832AFA1EB752240092A853 /* JaldiOnboardingInputView.swift */; };
		4C832B011EB752B70092A853 /* JaldiOnboardingModel.swift in Sources */ = {isa = PBXBuildFile; fileRef = 4C832B001EB752B70092A853 /* JaldiOnboardingModel.swift */; };
		4C832B081EB760730092A853 /* JaldiSignInViewController.swift in Sources */ = {isa = PBXBuildFile; fileRef = 4C832B071EB760730092A853 /* JaldiSignInViewController.swift */; };
		4C832B0B1EB775DD0092A853 /* JaldiNotInYourAreaViewController.swift in Sources */ = {isa = PBXBuildFile; fileRef = 4C832B0A1EB775DD0092A853 /* JaldiNotInYourAreaViewController.swift */; };
		4CED68541EB870A5001A7CC5 /* JaldiAppConstants.swift in Sources */ = {isa = PBXBuildFile; fileRef = 4CED68531EB870A5001A7CC5 /* JaldiAppConstants.swift */; };
		4CED68561EB871BF001A7CC5 /* UserProfile.swift in Sources */ = {isa = PBXBuildFile; fileRef = 4CED68551EB871BF001A7CC5 /* UserProfile.swift */; };
		4CED68591EB8802E001A7CC5 /* Login.storyboard in Resources */ = {isa = PBXBuildFile; fileRef = 4CED68571EB8802E001A7CC5 /* Login.storyboard */; };
		C65CB5071EB857F000DE65B7 /* JaldiHomeViewController.swift in Sources */ = {isa = PBXBuildFile; fileRef = C65CB5061EB857F000DE65B7 /* JaldiHomeViewController.swift */; };
/* End PBXBuildFile section */

/* Begin PBXFileReference section */
		4C2B1A421EB73FD100F63E7D /* HBAppColors.swift */ = {isa = PBXFileReference; fileEncoding = 4; lastKnownFileType = sourcecode.swift; path = HBAppColors.swift; sourceTree = "<group>"; };
		4C4587881EB4C23500169AC1 /* Jaldi.app */ = {isa = PBXFileReference; explicitFileType = wrapper.application; includeInIndex = 0; path = Jaldi.app; sourceTree = BUILT_PRODUCTS_DIR; };
		4C45878B1EB4C23500169AC1 /* AppDelegate.swift */ = {isa = PBXFileReference; lastKnownFileType = sourcecode.swift; path = AppDelegate.swift; sourceTree = "<group>"; };
		4C4587901EB4C23500169AC1 /* Base */ = {isa = PBXFileReference; lastKnownFileType = file.storyboard; name = Base; path = Base.lproj/Main.storyboard; sourceTree = "<group>"; };
		4C4587921EB4C23500169AC1 /* Assets.xcassets */ = {isa = PBXFileReference; lastKnownFileType = folder.assetcatalog; path = Assets.xcassets; sourceTree = "<group>"; };
		4C4587951EB4C23500169AC1 /* Base */ = {isa = PBXFileReference; lastKnownFileType = file.storyboard; name = Base; path = Base.lproj/LaunchScreen.storyboard; sourceTree = "<group>"; };
		4C4587971EB4C23500169AC1 /* Info.plist */ = {isa = PBXFileReference; lastKnownFileType = text.plist.xml; path = Info.plist; sourceTree = "<group>"; };
		4C832AF11EB751BB0092A853 /* JaldiValidator.swift */ = {isa = PBXFileReference; fileEncoding = 4; lastKnownFileType = sourcecode.swift; path = JaldiValidator.swift; sourceTree = "<group>"; };
		4C832AF71EB752240092A853 /* HBOnboardingViewControllerViewController.swift */ = {isa = PBXFileReference; fileEncoding = 4; lastKnownFileType = sourcecode.swift; path = HBOnboardingViewControllerViewController.swift; sourceTree = "<group>"; };
		4C832AF91EB752240092A853 /* JaldiOnboardingDefines.swift */ = {isa = PBXFileReference; fileEncoding = 4; lastKnownFileType = sourcecode.swift; path = JaldiOnboardingDefines.swift; sourceTree = "<group>"; };
		4C832AFA1EB752240092A853 /* JaldiOnboardingInputView.swift */ = {isa = PBXFileReference; fileEncoding = 4; lastKnownFileType = sourcecode.swift; path = JaldiOnboardingInputView.swift; sourceTree = "<group>"; };
		4C832B001EB752B70092A853 /* JaldiOnboardingModel.swift */ = {isa = PBXFileReference; fileEncoding = 4; lastKnownFileType = sourcecode.swift; path = JaldiOnboardingModel.swift; sourceTree = "<group>"; };
		4C832B071EB760730092A853 /* JaldiSignInViewController.swift */ = {isa = PBXFileReference; fileEncoding = 4; lastKnownFileType = sourcecode.swift; path = JaldiSignInViewController.swift; sourceTree = "<group>"; };
		4C832B0A1EB775DD0092A853 /* JaldiNotInYourAreaViewController.swift */ = {isa = PBXFileReference; fileEncoding = 4; lastKnownFileType = sourcecode.swift; path = JaldiNotInYourAreaViewController.swift; sourceTree = "<group>"; };
		4CED68531EB870A5001A7CC5 /* JaldiAppConstants.swift */ = {isa = PBXFileReference; fileEncoding = 4; lastKnownFileType = sourcecode.swift; path = JaldiAppConstants.swift; sourceTree = "<group>"; };
		4CED68551EB871BF001A7CC5 /* UserProfile.swift */ = {isa = PBXFileReference; fileEncoding = 4; lastKnownFileType = sourcecode.swift; path = UserProfile.swift; sourceTree = "<group>"; };
		4CED68581EB8802E001A7CC5 /* Base */ = {isa = PBXFileReference; lastKnownFileType = file.storyboard; name = Base; path = Base.lproj/Login.storyboard; sourceTree = "<group>"; };
		C65CB5061EB857F000DE65B7 /* JaldiHomeViewController.swift */ = {isa = PBXFileReference; fileEncoding = 4; lastKnownFileType = sourcecode.swift; name = JaldiHomeViewController.swift; path = HomeViewController/JaldiHomeViewController.swift; sourceTree = "<group>"; };
/* End PBXFileReference section */

/* Begin PBXFrameworksBuildPhase section */
		4C4587851EB4C23500169AC1 /* Frameworks */ = {
			isa = PBXFrameworksBuildPhase;
			buildActionMask = 2147483647;
			files = (
			);
			runOnlyForDeploymentPostprocessing = 0;
		};
/* End PBXFrameworksBuildPhase section */

/* Begin PBXGroup section */
		4C2B1A401EB73FD100F63E7D /* Shared */ = {
			isa = PBXGroup;
			children = (
				4C2B1A411EB73FD100F63E7D /* Constants */,
			);
			path = Shared;
			sourceTree = "<group>";
		};
		4C2B1A411EB73FD100F63E7D /* Constants */ = {
			isa = PBXGroup;
			children = (
				4C2B1A421EB73FD100F63E7D /* HBAppColors.swift */,
				4C832AF11EB751BB0092A853 /* JaldiValidator.swift */,
				4CED68531EB870A5001A7CC5 /* JaldiAppConstants.swift */,
			);
			path = Constants;
			sourceTree = "<group>";
		};
		4C45877F1EB4C23500169AC1 = {
			isa = PBXGroup;
			children = (
				4C45878A1EB4C23500169AC1 /* Jaldi */,
				4C4587891EB4C23500169AC1 /* Products */,
			);
			sourceTree = "<group>";
		};
		4C4587891EB4C23500169AC1 /* Products */ = {
			isa = PBXGroup;
			children = (
				4C4587881EB4C23500169AC1 /* Jaldi.app */,
			);
			name = Products;
			sourceTree = "<group>";
		};
		4C45878A1EB4C23500169AC1 /* Jaldi */ = {
			isa = PBXGroup;
			children = (
				4C45878B1EB4C23500169AC1 /* AppDelegate.swift */,
				4C832AFF1EB752B70092A853 /* Models */,
				4C832AF41EB752240092A853 /* ViewControllerts */,
				4C2B1A401EB73FD100F63E7D /* Shared */,
				4C45879D1EB4CD4B00169AC1 /* Sstoryboards */,
				4C4587921EB4C23500169AC1 /* Assets.xcassets */,
				4C4587971EB4C23500169AC1 /* Info.plist */,
			);
			path = Jaldi;
			sourceTree = "<group>";
		};
		4C45879D1EB4CD4B00169AC1 /* Sstoryboards */ = {
			isa = PBXGroup;
			children = (
				4C45878F1EB4C23500169AC1 /* Main.storyboard */,
				4CED68571EB8802E001A7CC5 /* Login.storyboard */,
				4C4587941EB4C23500169AC1 /* LaunchScreen.storyboard */,
			);
			name = Sstoryboards;
			sourceTree = "<group>";
		};
		4C832AF41EB752240092A853 /* ViewControllerts */ = {
			isa = PBXGroup;
			children = (
				C65CB5081EB857FA00DE65B7 /* HomeViewController */,
				4C832B091EB775C80092A853 /* NotInYourAreaViewController */,
				4C832B041EB7601F0092A853 /* SignInViewController */,
				4C832AF61EB752240092A853 /* OnboardingViewControllerViewController */,
			);
			path = ViewControllerts;
			sourceTree = "<group>";
		};
		4C832AF61EB752240092A853 /* OnboardingViewControllerViewController */ = {
			isa = PBXGroup;
			children = (
				4C832AF71EB752240092A853 /* HBOnboardingViewControllerViewController.swift */,
				4C832AF81EB752240092A853 /* Shared */,
			);
			path = OnboardingViewControllerViewController;
			sourceTree = "<group>";
		};
		4C832AF81EB752240092A853 /* Shared */ = {
			isa = PBXGroup;
			children = (
				4C832AF91EB752240092A853 /* JaldiOnboardingDefines.swift */,
				4C832AFA1EB752240092A853 /* JaldiOnboardingInputView.swift */,
			);
			path = Shared;
			sourceTree = "<group>";
		};
		4C832AFF1EB752B70092A853 /* Models */ = {
			isa = PBXGroup;
			children = (
				4C832B001EB752B70092A853 /* JaldiOnboardingModel.swift */,
				4CED68551EB871BF001A7CC5 /* UserProfile.swift */,
			);
			path = Models;
			sourceTree = "<group>";
		};
		4C832B041EB7601F0092A853 /* SignInViewController */ = {
			isa = PBXGroup;
			children = (
				4C832B071EB760730092A853 /* JaldiSignInViewController.swift */,
			);
			path = SignInViewController;
			sourceTree = "<group>";
		};
		4C832B091EB775C80092A853 /* NotInYourAreaViewController */ = {
			isa = PBXGroup;
			children = (
				4C832B0A1EB775DD0092A853 /* JaldiNotInYourAreaViewController.swift */,
			);
			path = NotInYourAreaViewController;
			sourceTree = "<group>";
		};
		C65CB5081EB857FA00DE65B7 /* HomeViewController */ = {
			isa = PBXGroup;
			children = (
				C65CB5061EB857F000DE65B7 /* JaldiHomeViewController.swift */,
			);
			name = HomeViewController;
			sourceTree = "<group>";
		};
/* End PBXGroup section */

/* Begin PBXNativeTarget section */
		4C4587871EB4C23500169AC1 /* Jaldi */ = {
			isa = PBXNativeTarget;
			buildConfigurationList = 4C45879A1EB4C23500169AC1 /* Build configuration list for PBXNativeTarget "Jaldi" */;
			buildPhases = (
				4C4587841EB4C23500169AC1 /* Sources */,
				4C4587851EB4C23500169AC1 /* Frameworks */,
				4C4587861EB4C23500169AC1 /* Resources */,
			);
			buildRules = (
			);
			dependencies = (
			);
			name = Jaldi;
			productName = Handy;
			productReference = 4C4587881EB4C23500169AC1 /* Jaldi.app */;
			productType = "com.apple.product-type.application";
		};
/* End PBXNativeTarget section */

/* Begin PBXProject section */
		4C4587801EB4C23500169AC1 /* Project object */ = {
			isa = PBXProject;
			attributes = {
				LastSwiftUpdateCheck = 0830;
				LastUpgradeCheck = 0830;
				ORGANIZATIONNAME = Handybook;
				TargetAttributes = {
					4C4587871EB4C23500169AC1 = {
						CreatedOnToolsVersion = 8.3;
						ProvisioningStyle = Automatic;
					};
				};
			};
			buildConfigurationList = 4C4587831EB4C23500169AC1 /* Build configuration list for PBXProject "Jaldi" */;
			compatibilityVersion = "Xcode 3.2";
			developmentRegion = English;
			hasScannedForEncodings = 0;
			knownRegions = (
				en,
				Base,
			);
			mainGroup = 4C45877F1EB4C23500169AC1;
			productRefGroup = 4C4587891EB4C23500169AC1 /* Products */;
			projectDirPath = "";
			projectRoot = "";
			targets = (
				4C4587871EB4C23500169AC1 /* Jaldi */,
			);
		};
/* End PBXProject section */

/* Begin PBXResourcesBuildPhase section */
		4C4587861EB4C23500169AC1 /* Resources */ = {
			isa = PBXResourcesBuildPhase;
			buildActionMask = 2147483647;
			files = (
				4CED68591EB8802E001A7CC5 /* Login.storyboard in Resources */,
				4C4587961EB4C23500169AC1 /* LaunchScreen.storyboard in Resources */,
				4C4587931EB4C23500169AC1 /* Assets.xcassets in Resources */,
				4C4587911EB4C23500169AC1 /* Main.storyboard in Resources */,
			);
			runOnlyForDeploymentPostprocessing = 0;
		};
/* End PBXResourcesBuildPhase section */

/* Begin PBXSourcesBuildPhase section */
		4C4587841EB4C23500169AC1 /* Sources */ = {
			isa = PBXSourcesBuildPhase;
			buildActionMask = 2147483647;
			files = (
				4C45878C1EB4C23500169AC1 /* AppDelegate.swift in Sources */,
				4C832AFD1EB752240092A853 /* JaldiOnboardingDefines.swift in Sources */,
				4C832B0B1EB775DD0092A853 /* JaldiNotInYourAreaViewController.swift in Sources */,
				4C832AFE1EB752240092A853 /* JaldiOnboardingInputView.swift in Sources */,
				C65CB5071EB857F000DE65B7 /* JaldiHomeViewController.swift in Sources */,
				4C832AFC1EB752240092A853 /* HBOnboardingViewControllerViewController.swift in Sources */,
				4CED68541EB870A5001A7CC5 /* JaldiAppConstants.swift in Sources */,
				4C832B011EB752B70092A853 /* JaldiOnboardingModel.swift in Sources */,
				4CED68561EB871BF001A7CC5 /* UserProfile.swift in Sources */,
				4C832B081EB760730092A853 /* JaldiSignInViewController.swift in Sources */,
				4C2B1A441EB73FD100F63E7D /* HBAppColors.swift in Sources */,
				4C832AF21EB751BB0092A853 /* JaldiValidator.swift in Sources */,
			);
			runOnlyForDeploymentPostprocessing = 0;
		};
/* End PBXSourcesBuildPhase section */

/* Begin PBXVariantGroup section */
		4C45878F1EB4C23500169AC1 /* Main.storyboard */ = {
			isa = PBXVariantGroup;
			children = (
				4C4587901EB4C23500169AC1 /* Base */,
			);
			name = Main.storyboard;
			sourceTree = "<group>";
		};
		4C4587941EB4C23500169AC1 /* LaunchScreen.storyboard */ = {
			isa = PBXVariantGroup;
			children = (
				4C4587951EB4C23500169AC1 /* Base */,
			);
			name = LaunchScreen.storyboard;
			sourceTree = "<group>";
		};
		4CED68571EB8802E001A7CC5 /* Login.storyboard */ = {
			isa = PBXVariantGroup;
			children = (
				4CED68581EB8802E001A7CC5 /* Base */,
			);
			name = Login.storyboard;
			sourceTree = "<group>";
		};
/* End PBXVariantGroup section */

/* Begin XCBuildConfiguration section */
		4C4587981EB4C23500169AC1 /* Debug */ = {
			isa = XCBuildConfiguration;
			buildSettings = {
				ALWAYS_SEARCH_USER_PATHS = NO;
				CLANG_ANALYZER_NONNULL = YES;
				CLANG_ANALYZER_NUMBER_OBJECT_CONVERSION = YES_AGGRESSIVE;
				CLANG_CXX_LANGUAGE_STANDARD = "gnu++0x";
				CLANG_CXX_LIBRARY = "libc++";
				CLANG_ENABLE_MODULES = YES;
				CLANG_ENABLE_OBJC_ARC = YES;
				CLANG_WARN_BOOL_CONVERSION = YES;
				CLANG_WARN_CONSTANT_CONVERSION = YES;
				CLANG_WARN_DIRECT_OBJC_ISA_USAGE = YES_ERROR;
				CLANG_WARN_DOCUMENTATION_COMMENTS = YES;
				CLANG_WARN_EMPTY_BODY = YES;
				CLANG_WARN_ENUM_CONVERSION = YES;
				CLANG_WARN_INFINITE_RECURSION = YES;
				CLANG_WARN_INT_CONVERSION = YES;
				CLANG_WARN_OBJC_ROOT_CLASS = YES_ERROR;
				CLANG_WARN_SUSPICIOUS_MOVE = YES;
				CLANG_WARN_UNREACHABLE_CODE = YES;
				CLANG_WARN__DUPLICATE_METHOD_MATCH = YES;
				"CODE_SIGN_IDENTITY[sdk=iphoneos*]" = "iPhone Developer";
				COPY_PHASE_STRIP = NO;
				DEBUG_INFORMATION_FORMAT = dwarf;
				ENABLE_STRICT_OBJC_MSGSEND = YES;
				ENABLE_TESTABILITY = YES;
				GCC_C_LANGUAGE_STANDARD = gnu99;
				GCC_DYNAMIC_NO_PIC = NO;
				GCC_NO_COMMON_BLOCKS = YES;
				GCC_OPTIMIZATION_LEVEL = 0;
				GCC_PREPROCESSOR_DEFINITIONS = (
					"DEBUG=1",
					"$(inherited)",
				);
				GCC_WARN_64_TO_32_BIT_CONVERSION = YES;
				GCC_WARN_ABOUT_RETURN_TYPE = YES_ERROR;
				GCC_WARN_UNDECLARED_SELECTOR = YES;
				GCC_WARN_UNINITIALIZED_AUTOS = YES_AGGRESSIVE;
				GCC_WARN_UNUSED_FUNCTION = YES;
				GCC_WARN_UNUSED_VARIABLE = YES;
				IPHONEOS_DEPLOYMENT_TARGET = 10.3;
				MTL_ENABLE_DEBUG_INFO = YES;
				ONLY_ACTIVE_ARCH = YES;
				SDKROOT = iphoneos;
				SWIFT_ACTIVE_COMPILATION_CONDITIONS = DEBUG;
				SWIFT_OPTIMIZATION_LEVEL = "-Onone";
				TARGETED_DEVICE_FAMILY = "1,2";
			};
			name = Debug;
		};
		4C4587991EB4C23500169AC1 /* Release */ = {
			isa = XCBuildConfiguration;
			buildSettings = {
				ALWAYS_SEARCH_USER_PATHS = NO;
				CLANG_ANALYZER_NONNULL = YES;
				CLANG_ANALYZER_NUMBER_OBJECT_CONVERSION = YES_AGGRESSIVE;
				CLANG_CXX_LANGUAGE_STANDARD = "gnu++0x";
				CLANG_CXX_LIBRARY = "libc++";
				CLANG_ENABLE_MODULES = YES;
				CLANG_ENABLE_OBJC_ARC = YES;
				CLANG_WARN_BOOL_CONVERSION = YES;
				CLANG_WARN_CONSTANT_CONVERSION = YES;
				CLANG_WARN_DIRECT_OBJC_ISA_USAGE = YES_ERROR;
				CLANG_WARN_DOCUMENTATION_COMMENTS = YES;
				CLANG_WARN_EMPTY_BODY = YES;
				CLANG_WARN_ENUM_CONVERSION = YES;
				CLANG_WARN_INFINITE_RECURSION = YES;
				CLANG_WARN_INT_CONVERSION = YES;
				CLANG_WARN_OBJC_ROOT_CLASS = YES_ERROR;
				CLANG_WARN_SUSPICIOUS_MOVE = YES;
				CLANG_WARN_UNREACHABLE_CODE = YES;
				CLANG_WARN__DUPLICATE_METHOD_MATCH = YES;
				"CODE_SIGN_IDENTITY[sdk=iphoneos*]" = "iPhone Developer";
				COPY_PHASE_STRIP = NO;
				DEBUG_INFORMATION_FORMAT = "dwarf-with-dsym";
				ENABLE_NS_ASSERTIONS = NO;
				ENABLE_STRICT_OBJC_MSGSEND = YES;
				GCC_C_LANGUAGE_STANDARD = gnu99;
				GCC_NO_COMMON_BLOCKS = YES;
				GCC_WARN_64_TO_32_BIT_CONVERSION = YES;
				GCC_WARN_ABOUT_RETURN_TYPE = YES_ERROR;
				GCC_WARN_UNDECLARED_SELECTOR = YES;
				GCC_WARN_UNINITIALIZED_AUTOS = YES_AGGRESSIVE;
				GCC_WARN_UNUSED_FUNCTION = YES;
				GCC_WARN_UNUSED_VARIABLE = YES;
				IPHONEOS_DEPLOYMENT_TARGET = 10.3;
				MTL_ENABLE_DEBUG_INFO = NO;
				SDKROOT = iphoneos;
				SWIFT_OPTIMIZATION_LEVEL = "-Owholemodule";
				TARGETED_DEVICE_FAMILY = "1,2";
				VALIDATE_PRODUCT = YES;
			};
			name = Release;
		};
		4C45879B1EB4C23500169AC1 /* Debug */ = {
			isa = XCBuildConfiguration;
			buildSettings = {
				ASSETCATALOG_COMPILER_APPICON_NAME = AppIcon;
				INFOPLIST_FILE = Jaldi/Info.plist;
				LD_RUNPATH_SEARCH_PATHS = "$(inherited) @executable_path/Frameworks";
				PRODUCT_BUNDLE_IDENTIFIER = "com.handy-book.Handy";
				PRODUCT_NAME = "$(TARGET_NAME)";
				SWIFT_VERSION = 3.0;
			};
			name = Debug;
		};
		4C45879C1EB4C23500169AC1 /* Release */ = {
			isa = XCBuildConfiguration;
			buildSettings = {
				ASSETCATALOG_COMPILER_APPICON_NAME = AppIcon;
				INFOPLIST_FILE = Jaldi/Info.plist;
				LD_RUNPATH_SEARCH_PATHS = "$(inherited) @executable_path/Frameworks";
				PRODUCT_BUNDLE_IDENTIFIER = "com.handy-book.Handy";
				PRODUCT_NAME = "$(TARGET_NAME)";
				SWIFT_VERSION = 3.0;
			};
			name = Release;
		};
/* End XCBuildConfiguration section */

/* Begin XCConfigurationList section */
		4C4587831EB4C23500169AC1 /* Build configuration list for PBXProject "Jaldi" */ = {
			isa = XCConfigurationList;
			buildConfigurations = (
				4C4587981EB4C23500169AC1 /* Debug */,
				4C4587991EB4C23500169AC1 /* Release */,
			);
			defaultConfigurationIsVisible = 0;
			defaultConfigurationName = Release;
		};
		4C45879A1EB4C23500169AC1 /* Build configuration list for PBXNativeTarget "Jaldi" */ = {
			isa = XCConfigurationList;
			buildConfigurations = (
				4C45879B1EB4C23500169AC1 /* Debug */,
				4C45879C1EB4C23500169AC1 /* Release */,
			);
			defaultConfigurationIsVisible = 0;
			defaultConfigurationName = Release;
		};
/* End XCConfigurationList section */
	};
	rootObject = 4C4587801EB4C23500169AC1 /* Project object */;
}
